
Microsoft Visual Studio Solution File, Format Version 12.00
# Visual Studio Express 2013 for Windows Desktop
VisualStudioVersion = 12.0.21005.1
MinimumVisualStudioVersion = 10.0.40219.1
Project("{FAE04EC0-301F-11D3-BF4B-00C04F79EFBC}") = "ArenaHelper", "ArenaHelper.csproj", "{57D6FEFC-CD63-40B5-B83E-EACA3E3B105E}"
EndProject
Project("{FAE04EC0-301F-11D3-BF4B-00C04F79EFBC}") = "TestPlugin", "TestPlugin\TestPlugin.csproj", "{9DBE89DA-8673-4657-A0DC-EC1F26C70B8A}"
EndProject
Project("{FAE04EC0-301F-11D3-BF4B-00C04F79EFBC}") = "Updater", "Updater\Updater.csproj", "{BA9680FE-9A15-4AC1-B218-511D1EA691FA}"
EndProject
Global
	GlobalSection(SolutionConfigurationPlatforms) = preSolution
		Debug|Any CPU = Debug|Any CPU
		Release|Any CPU = Release|Any CPU
	EndGlobalSection
	GlobalSection(ProjectConfigurationPlatforms) = postSolution
		{57D6FEFC-CD63-40B5-B83E-EACA3E3B105E}.Debug|Any CPU.ActiveCfg = Debug|Any CPU
		{57D6FEFC-CD63-40B5-B83E-EACA3E3B105E}.Debug|Any CPU.Build.0 = Debug|Any CPU
		{57D6FEFC-CD63-40B5-B83E-EACA3E3B105E}.Release|Any CPU.ActiveCfg = Release|Any CPU
		{57D6FEFC-CD63-40B5-B83E-EACA3E3B105E}.Release|Any CPU.Build.0 = Release|Any CPU
		{9DBE89DA-8673-4657-A0DC-EC1F26C70B8A}.Debug|Any CPU.ActiveCfg = Debug|Any CPU
		{9DBE89DA-8673-4657-A0DC-EC1F26C70B8A}.Debug|Any CPU.Build.0 = Debug|Any CPU
		{9DBE89DA-8673-4657-A0DC-EC1F26C70B8A}.Release|Any CPU.ActiveCfg = Release|Any CPU
		{9DBE89DA-8673-4657-A0DC-EC1F26C70B8A}.Release|Any CPU.Build.0 = Release|Any CPU
		{BA9680FE-9A15-4AC1-B218-511D1EA691FA}.Debug|Any CPU.ActiveCfg = Debug|Any CPU
		{BA9680FE-9A15-4AC1-B218-511D1EA691FA}.Debug|Any CPU.Build.0 = Debug|Any CPU
		{BA9680FE-9A15-4AC1-B218-511D1EA691FA}.Release|Any CPU.ActiveCfg = Release|Any CPU
		{BA9680FE-9A15-4AC1-B218-511D1EA691FA}.Release|Any CPU.Build.0 = Release|Any CPU
	EndGlobalSection
	GlobalSection(SolutionProperties) = preSolution
		HideSolutionNode = FALSE
	EndGlobalSection
EndGlobal
